
Microsoft Visual Studio Solution File, Format Version 12.00
# Visual Studio Version 17
VisualStudioVersion = 17.11.35327.3
MinimumVisualStudioVersion = 10.0.40219.1
Project("{FAE04EC0-301F-11D3-BF4B-00C04F79EFBC}") = "CIL_EP4", "CIL_EP4\CIL_EP4.csproj", "{7A2A04EB-623C-42AC-ABF7-AAF976D968D1}"
EndProject
Global
	GlobalSection(SolutionConfigurationPlatforms) = preSolution
		Debug|Any CPU = Debug|Any CPU
		Release|Any CPU = Release|Any CPU
	EndGlobalSection
	GlobalSection(ProjectConfigurationPlatforms) = postSolution
		{7A2A04EB-623C-42AC-ABF7-AAF976D968D1}.Debug|Any CPU.ActiveCfg = Debug|Any CPU
		{7A2A04EB-623C-42AC-ABF7-AAF976D968D1}.Debug|Any CPU.Build.0 = Debug|Any CPU
		{7A2A04EB-623C-42AC-ABF7-AAF976D968D1}.Release|Any CPU.ActiveCfg = Release|Any CPU
		{7A2A04EB-623C-42AC-ABF7-AAF976D968D1}.Release|Any CPU.Build.0 = Release|Any CPU
	EndGlobalSection
	GlobalSection(SolutionProperties) = preSolution
		HideSolutionNode = FALSE
	EndGlobalSection
	GlobalSection(ExtensibilityGlobals) = postSolution
		SolutionGuid = {CC1FC5C2-7D03-49EA-836C-21F6CAA64EBD}
	EndGlobalSection
EndGlobal
