
Microsoft Visual Studio Solution File, Format Version 12.00
# Visual Studio Version 17
VisualStudioVersion = 17.11.35327.3
MinimumVisualStudioVersion = 10.0.40219.1
Project("{FAE04EC0-301F-11D3-BF4B-00C04F79EFBC}") = "CIL_EP7", "CIL_EP7\CIL_EP7.csproj", "{1AF2F8EB-75E8-41CB-BC3A-55BE9AA8B2A7}"
EndProject
Global
	GlobalSection(SolutionConfigurationPlatforms) = preSolution
		Debug|Any CPU = Debug|Any CPU
		Release|Any CPU = Release|Any CPU
	EndGlobalSection
	GlobalSection(ProjectConfigurationPlatforms) = postSolution
		{1AF2F8EB-75E8-41CB-BC3A-55BE9AA8B2A7}.Debug|Any CPU.ActiveCfg = Debug|Any CPU
		{1AF2F8EB-75E8-41CB-BC3A-55BE9AA8B2A7}.Debug|Any CPU.Build.0 = Debug|Any CPU
		{1AF2F8EB-75E8-41CB-BC3A-55BE9AA8B2A7}.Release|Any CPU.ActiveCfg = Release|Any CPU
		{1AF2F8EB-75E8-41CB-BC3A-55BE9AA8B2A7}.Release|Any CPU.Build.0 = Release|Any CPU
	EndGlobalSection
	GlobalSection(SolutionProperties) = preSolution
		HideSolutionNode = FALSE
	EndGlobalSection
	GlobalSection(ExtensibilityGlobals) = postSolution
		SolutionGuid = {ED76B2D9-81DB-4A12-A9D2-82176CB94CA3}
	EndGlobalSection
EndGlobal
