
Microsoft Visual Studio Solution File, Format Version 12.00
# Visual Studio Version 17
VisualStudioVersion = 17.11.35327.3
MinimumVisualStudioVersion = 10.0.40219.1
Project("{FAE04EC0-301F-11D3-BF4B-00C04F79EFBC}") = "CIL_EP4", "CIL_EP3\CIL_EP4.csproj", "{8FEC7921-814B-4E24-8E87-E9130933CB91}"
EndProject
Global
	GlobalSection(SolutionConfigurationPlatforms) = preSolution
		Debug|Any CPU = Debug|Any CPU
		Release|Any CPU = Release|Any CPU
	EndGlobalSection
	GlobalSection(ProjectConfigurationPlatforms) = postSolution
		{8FEC7921-814B-4E24-8E87-E9130933CB91}.Debug|Any CPU.ActiveCfg = Debug|Any CPU
		{8FEC7921-814B-4E24-8E87-E9130933CB91}.Debug|Any CPU.Build.0 = Debug|Any CPU
		{8FEC7921-814B-4E24-8E87-E9130933CB91}.Release|Any CPU.ActiveCfg = Release|Any CPU
		{8FEC7921-814B-4E24-8E87-E9130933CB91}.Release|Any CPU.Build.0 = Release|Any CPU
	EndGlobalSection
	GlobalSection(SolutionProperties) = preSolution
		HideSolutionNode = FALSE
	EndGlobalSection
	GlobalSection(ExtensibilityGlobals) = postSolution
		SolutionGuid = {BA3D701F-A172-42FA-B097-8FC1A2097FE7}
	EndGlobalSection
EndGlobal
