
Microsoft Visual Studio Solution File, Format Version 12.00
# Visual Studio Version 17
VisualStudioVersion = 17.11.35327.3
MinimumVisualStudioVersion = 10.0.40219.1
Project("{FAE04EC0-301F-11D3-BF4B-00C04F79EFBC}") = "CIL_EP5", "CIL_EP5\CIL_EP5.csproj", "{4D6F8A55-06E8-44B5-A915-8B96AB5D15E6}"
EndProject
Global
	GlobalSection(SolutionConfigurationPlatforms) = preSolution
		Debug|Any CPU = Debug|Any CPU
		Release|Any CPU = Release|Any CPU
	EndGlobalSection
	GlobalSection(ProjectConfigurationPlatforms) = postSolution
		{4D6F8A55-06E8-44B5-A915-8B96AB5D15E6}.Debug|Any CPU.ActiveCfg = Debug|Any CPU
		{4D6F8A55-06E8-44B5-A915-8B96AB5D15E6}.Debug|Any CPU.Build.0 = Debug|Any CPU
		{4D6F8A55-06E8-44B5-A915-8B96AB5D15E6}.Release|Any CPU.ActiveCfg = Release|Any CPU
		{4D6F8A55-06E8-44B5-A915-8B96AB5D15E6}.Release|Any CPU.Build.0 = Release|Any CPU
	EndGlobalSection
	GlobalSection(SolutionProperties) = preSolution
		HideSolutionNode = FALSE
	EndGlobalSection
	GlobalSection(ExtensibilityGlobals) = postSolution
		SolutionGuid = {C91149A2-E56A-4DAD-9658-E6944DE0F83D}
	EndGlobalSection
EndGlobal
